{
  "version": 4,
  "terraform_version": "1.4.6",
  "serial": 33,
  "lineage": "5e796565-eab2-5e4f-1003-90f187f565bc",
  "outputs": {},
  "resources": [
    {
      "mode": "managed",
      "type": "aws_key_pair",
      "name": "mykey",
      "provider": "provider[\"registry.terraform.io/hashicorp/aws\"]",
      "instances": [
        {
          "schema_version": 1,
          "attributes": {
            "arn": "arn:aws:ec2:ap-southeast-1:028668155772:key-pair/dummy",
            "fingerprint": "df:7d:dd:2c:e4:74:2b:95:a7:99:22:92:97:9c:24:a0",
            "id": "dummy",
            "key_name": "dummy",
            "key_name_prefix": "",
            "key_pair_id": "key-0e1e66f87e7f9b4c1",
            "key_type": "rsa",
            "public_key": "ssh-rsa AAAAB3NzaC1yc2EAAAADAQABAAABgQCUoI0vbSLbQRANEIRDaShMqU7iQRWDSLvPlt7ixqdOU2kx7lU5Dq3GIOk3k6LOu6urWKeAkL0DCoYCTT6hkXnos+T+eb1jw0M6A6H0g2QlWYJBDePgwFXmcCH91kRgu2I9VpbvcWi9ITF5HXlYoLNpwOHJu/HhAqc5yB1Sjk7cMidqd+Dn1wu+IzO/qGEoz3KdIbkgwnQmXUHRE9pypQdOkSaIMp6Ov60fjswwUc/LFf4C9m7zp3SwZ4AzyLaRlBOUbvBfrx3aukhrEIzPcSrf9JtREEef5f4wWjvV5FWPkccx6U5C6PKYqdDoWf9RnT3FoCx1/BQ5o9TK1IFm6qTPDqclaJLkxM+5lSGAuOA6cfTv53l2E7kSkzWEz5MKkqbEwgLu3oMMn7vPCk1aPwpTXHfz/f6KF/y4As2WG4DF1+o9ODy4FvDaManIuoBjycWJ37kk0bCWmuowMNCN1e7P2lK8k2xNAgh27y6Hi/O8hTyQCcFEg6l4Somn2jIBYOs= ubuntu@dev-ovng-poc2-m2.ovng.dev.myovcloud.com",
            "tags": null,
            "tags_all": {}
          },
          "sensitive_attributes": [],
          "private": "eyJzY2hlbWFfdmVyc2lvbiI6IjEifQ=="
        }
      ]
    }
  ],
  "check_results": null
}
