{
  "version": 4,
  "terraform_version": "1.4.6",
  "serial": 10,
  "lineage": "240cf547-dec9-06b9-4cdc-2939b7c446d8",
  "outputs": {},
  "resources": [
    {
      "mode": "data",
      "type": "aws_ip_ranges",
      "name": "ap_southeast_ec2",
      "provider": "provider[\"registry.terraform.io/hashicorp/aws\"]",
      "instances": [
        {
          "schema_version": 0,
          "attributes": {
            "cidr_blocks": [
              "122.248.192.0/18",
              "13.210.0.0/15",
              "13.212.0.0/15",
              "13.214.0.0/15",
              "13.228.0.0/15",
              "13.236.0.0/14",
              "13.250.0.0/15",
              "13.54.0.0/15",
              "142.4.160.216/29",
              "142.4.161.0/29",
              "142.4.161.104/29",
              "142.4.161.112/29",
              "142.4.161.120/29",
              "142.4.161.16/29",
              "142.4.161.216/29",
              "15.177.82.0/24",
              "15.177.83.0/24",
              "15.193.2.0/24",
              "15.193.3.0/24",
              "15.220.192.0/22",
              "15.220.240.0/21",
              "15.220.44.0/22",
              "15.220.96.0/20",
              "151.148.38.0/24",
              "151.148.39.0/24",
              "175.41.128.0/18",
              "18.136.0.0/16",
              "18.138.0.0/15",
              "18.140.0.0/15",
              "18.142.0.0/15",
              "3.0.0.0/15",
              "3.104.0.0/14",
              "3.2.41.128/26",
              "3.2.41.192/26",
              "3.24.0.0/14",
              "3.33.41.0/24",
              "3.5.146.0/23",
              "3.5.148.0/22",
              "3.5.164.0/22",
              "3.5.168.0/23",
              "35.71.118.0/24",
              "35.71.97.0/24",
              "46.137.192.0/19",
              "46.137.224.0/19",
              "46.51.216.0/21",
              "47.128.0.0/14",
              "52.119.205.0/24",
              "52.220.0.0/15",
              "52.62.0.0/15",
              "52.64.0.0/17",
              "52.64.128.0/17",
              "52.65.0.0/16",
              "52.74.0.0/16",
              "52.76.0.0/17",
              "52.76.128.0/17",
              "52.77.0.0/16",
              "52.94.248.32/28",
              "52.94.248.64/28",
              "52.95.241.0/24",
              "52.95.242.0/24",
              "52.95.255.16/28",
              "52.95.255.32/28",
              "54.151.128.0/17",
              "54.153.128.0/17",
              "54.169.0.0/16",
              "54.179.0.0/16",
              "54.206.0.0/16",
              "54.251.0.0/16",
              "54.252.0.0/16",
              "54.253.0.0/16",
              "54.254.0.0/16",
              "54.255.0.0/16",
              "54.66.0.0/16",
              "54.79.0.0/16",
              "64.252.102.0/24",
              "64.252.103.0/24",
              "64.252.104.0/24",
              "64.252.105.0/24",
              "64.252.106.0/24",
              "64.252.107.0/24",
              "64.252.108.0/24",
              "64.252.109.0/24",
              "96.0.0.0/21",
              "96.0.108.0/24",
              "96.0.112.0/21",
              "96.0.120.0/21",
              "96.0.128.0/23",
              "96.0.130.0/24",
              "96.0.132.0/22",
              "96.0.136.0/21",
              "96.0.144.0/21",
              "96.0.72.0/21",
              "96.0.8.0/22",
              "96.0.80.0/22",
              "96.0.94.0/23",
              "99.150.32.0/21",
              "99.151.104.0/21",
              "99.77.143.0/24",
              "99.77.144.0/24",
              "99.77.161.0/24",
              "99.77.239.0/24",
              "99.77.240.0/24"
            ],
            "create_date": "2023-06-09-19-23-09",
            "id": "1686338589",
            "ipv6_cidr_blocks": [
              "2400:6500:ff00::/48",
              "2403:b300:ff00::/48",
              "2406:da00:8000::/40",
              "2406:da00:c000::/40",
              "2406:da18::/36",
              "2406:da1c::/36",
              "2406:da28::/36",
              "2406:da2c::/36",
              "2406:da60:8000::/40",
              "2406:da60:c000::/40",
              "2406:da61:8000::/40",
              "2406:da61:c000::/40",
              "2406:da68:8000::/40",
              "2406:da68:c000::/40",
              "2406:da69:8000::/40",
              "2406:da69:c000::/40",
              "2406:da70:8000::/40",
              "2406:da70:c000::/40",
              "2406:daf0:8000::/40",
              "2406:daf0:c000::/40",
              "2406:daf1:8000::/40",
              "2406:daf1:c000::/40",
              "2406:daf2:8000::/40",
              "2406:daf2:c000::/40",
              "2406:daff:8000::/40",
              "2406:daff:c000::/40",
              "2600:1ffd:8422::/48",
              "2600:1ffd:85b2::/48",
              "2600:1ffd:85c0::/48",
              "2600:1ffd:85e8::/48",
              "2600:f0f0:1:1300::/56",
              "2600:f0f0:1:1400::/56"
            ],
            "regions": [
              "ap-southeast-1",
              "ap-southeast-2"
            ],
            "services": [
              "ec2"
            ],
            "sync_token": 1686338589,
            "url": "https://ip-ranges.amazonaws.com/ip-ranges.json"
          },
          "sensitive_attributes": []
        }
      ]
    },
    {
      "mode": "managed",
      "type": "aws_instance",
      "name": "example",
      "provider": "provider[\"registry.terraform.io/hashicorp/aws\"]",
      "instances": [
        {
          "schema_version": 1,
          "attributes": {
            "ami": "ami-0f74c08b8b5effa56",
            "arn": "arn:aws:ec2:ap-southeast-1:028668155772:instance/i-0e7749139a852424b",
            "associate_public_ip_address": true,
            "availability_zone": "ap-southeast-1a",
            "capacity_reservation_specification": [
              {
                "capacity_reservation_preference": "open",
                "capacity_reservation_target": []
              }
            ],
            "cpu_core_count": 1,
            "cpu_options": [
              {
                "amd_sev_snp": "",
                "core_count": 1,
                "threads_per_core": 1
              }
            ],
            "cpu_threads_per_core": 1,
            "credit_specification": [
              {
                "cpu_credits": "standard"
              }
            ],
            "disable_api_stop": false,
            "disable_api_termination": false,
            "ebs_block_device": [],
            "ebs_optimized": false,
            "enclave_options": [
              {
                "enabled": false
              }
            ],
            "ephemeral_block_device": [],
            "get_password_data": false,
            "hibernation": false,
            "host_id": "",
            "host_resource_group_arn": null,
            "iam_instance_profile": "",
            "id": "i-0e7749139a852424b",
            "instance_initiated_shutdown_behavior": "stop",
            "instance_lifecycle": "",
            "instance_market_options": [],
            "instance_state": "running",
            "instance_type": "t2.micro",
            "ipv6_address_count": 0,
            "ipv6_addresses": [],
            "key_name": "",
            "launch_template": [],
            "maintenance_options": [
              {
                "auto_recovery": "default"
              }
            ],
            "metadata_options": [
              {
                "http_endpoint": "enabled",
                "http_put_response_hop_limit": 1,
                "http_tokens": "optional",
                "instance_metadata_tags": "disabled"
              }
            ],
            "monitoring": false,
            "network_interface": [],
            "outpost_arn": "",
            "password_data": "",
            "placement_group": "",
            "placement_partition_number": 0,
            "primary_network_interface_id": "eni-0f7dce852cf4df5b4",
            "private_dns": "ip-172-31-46-225.ap-southeast-1.compute.internal",
            "private_dns_name_options": [
              {
                "enable_resource_name_dns_a_record": false,
                "enable_resource_name_dns_aaaa_record": false,
                "hostname_type": "ip-name"
              }
            ],
            "private_ip": "172.31.46.225",
            "public_dns": "ec2-13-229-88-155.ap-southeast-1.compute.amazonaws.com",
            "public_ip": "13.229.88.155",
            "root_block_device": [
              {
                "delete_on_termination": true,
                "device_name": "/dev/sda1",
                "encrypted": false,
                "iops": 100,
                "kms_key_id": "",
                "tags": {},
                "throughput": 0,
                "volume_id": "vol-047d5c386e32fa7b9",
                "volume_size": 8,
                "volume_type": "gp2"
              }
            ],
            "secondary_private_ips": [],
            "security_groups": [
              "default"
            ],
            "source_dest_check": true,
            "spot_instance_request_id": "",
            "subnet_id": "subnet-0a75cee3833c545b4",
            "tags": null,
            "tags_all": {},
            "tenancy": "default",
            "timeouts": null,
            "user_data": null,
            "user_data_base64": null,
            "user_data_replace_on_change": false,
            "volume_tags": null,
            "vpc_security_group_ids": [
              "sg-09a8f1a59948559e8"
            ]
          },
          "sensitive_attributes": [],
          "private": "eyJlMmJmYjczMC1lY2FhLTExZTYtOGY4OC0zNDM2M2JjN2M0YzAiOnsiY3JlYXRlIjo2MDAwMDAwMDAwMDAsImRlbGV0ZSI6MTIwMDAwMDAwMDAwMCwidXBkYXRlIjo2MDAwMDAwMDAwMDB9LCJzY2hlbWFfdmVyc2lvbiI6IjEifQ=="
        }
      ]
    },
    {
      "mode": "managed",
      "type": "aws_security_group",
      "name": "from_ap",
      "provider": "provider[\"registry.terraform.io/hashicorp/aws\"]",
      "instances": [
        {
          "schema_version": 1,
          "attributes": {
            "arn": "arn:aws:ec2:ap-southeast-1:028668155772:security-group/sg-056817d9116a1d19f",
            "description": "Managed by Terraform",
            "egress": [],
            "id": "sg-056817d9116a1d19f",
            "ingress": [
              {
                "cidr_blocks": [
                  "122.248.192.0/18",
                  "13.210.0.0/15",
                  "13.212.0.0/15",
                  "13.214.0.0/15",
                  "13.228.0.0/15",
                  "13.236.0.0/14",
                  "13.250.0.0/15",
                  "13.54.0.0/15",
                  "142.4.160.216/29",
                  "142.4.161.0/29",
                  "142.4.161.104/29",
                  "142.4.161.112/29",
                  "142.4.161.120/29",
                  "142.4.161.16/29",
                  "142.4.161.216/29",
                  "15.177.82.0/24",
                  "15.177.83.0/24",
                  "15.193.2.0/24",
                  "15.193.3.0/24",
                  "15.220.192.0/22",
                  "15.220.240.0/21",
                  "15.220.44.0/22",
                  "15.220.96.0/20",
                  "151.148.38.0/24",
                  "151.148.39.0/24",
                  "175.41.128.0/18",
                  "18.136.0.0/16",
                  "18.138.0.0/15",
                  "18.140.0.0/15",
                  "18.142.0.0/15",
                  "3.0.0.0/15",
                  "3.104.0.0/14",
                  "3.2.41.128/26",
                  "3.2.41.192/26",
                  "3.24.0.0/14",
                  "3.33.41.0/24",
                  "3.5.146.0/23",
                  "3.5.148.0/22",
                  "3.5.164.0/22",
                  "3.5.168.0/23",
                  "35.71.118.0/24",
                  "35.71.97.0/24",
                  "46.137.192.0/19",
                  "46.137.224.0/19",
                  "46.51.216.0/21",
                  "47.128.0.0/14",
                  "52.119.205.0/24",
                  "52.220.0.0/15",
                  "52.62.0.0/15",
                  "52.64.0.0/17"
                ],
                "description": "",
                "from_port": 443,
                "ipv6_cidr_blocks": [],
                "prefix_list_ids": [],
                "protocol": "tcp",
                "security_groups": [],
                "self": false,
                "to_port": 443
              }
            ],
            "name": "from_ap",
            "name_prefix": "",
            "owner_id": "028668155772",
            "revoke_rules_on_delete": false,
            "tags": {
              "CreateDate": "2023-06-09-19-23-09",
              "SyncToken": "1686338589"
            },
            "tags_all": {
              "CreateDate": "2023-06-09-19-23-09",
              "SyncToken": "1686338589"
            },
            "timeouts": null,
            "vpc_id": "vpc-0a5ea9ca252325d9e"
          },
          "sensitive_attributes": [],
          "private": "eyJlMmJmYjczMC1lY2FhLTExZTYtOGY4OC0zNDM2M2JjN2M0YzAiOnsiY3JlYXRlIjo2MDAwMDAwMDAwMDAsImRlbGV0ZSI6OTAwMDAwMDAwMDAwfSwic2NoZW1hX3ZlcnNpb24iOiIxIn0=",
          "dependencies": [
            "data.aws_ip_ranges.ap_southeast_ec2"
          ]
        }
      ]
    }
  ],
  "check_results": null
}
