{
  "version": 4,
  "terraform_version": "1.4.6",
  "serial": 27,
  "lineage": "5e796565-eab2-5e4f-1003-90f187f565bc",
  "outputs": {},
  "resources": [
    {
      "mode": "managed",
      "type": "aws_instance",
      "name": "example",
      "provider": "provider[\"registry.terraform.io/hashicorp/aws\"]",
      "instances": [
        {
          "schema_version": 1,
          "attributes": {
            "ami": "ami-0f74c08b8b5effa56",
            "arn": "arn:aws:ec2:ap-southeast-1:028668155772:instance/i-05726656b7f5a8ce4",
            "associate_public_ip_address": true,
            "availability_zone": "ap-southeast-1a",
            "capacity_reservation_specification": [
              {
                "capacity_reservation_preference": "open",
                "capacity_reservation_target": []
              }
            ],
            "cpu_core_count": 1,
            "cpu_options": [
              {
                "amd_sev_snp": "",
                "core_count": 1,
                "threads_per_core": 1
              }
            ],
            "cpu_threads_per_core": 1,
            "credit_specification": [
              {
                "cpu_credits": "standard"
              }
            ],
            "disable_api_stop": false,
            "disable_api_termination": false,
            "ebs_block_device": [],
            "ebs_optimized": false,
            "enclave_options": [
              {
                "enabled": false
              }
            ],
            "ephemeral_block_device": [],
            "get_password_data": false,
            "hibernation": false,
            "host_id": "",
            "host_resource_group_arn": null,
            "iam_instance_profile": "",
            "id": "i-05726656b7f5a8ce4",
            "instance_initiated_shutdown_behavior": "stop",
            "instance_state": "running",
            "instance_type": "t2.micro",
            "ipv6_address_count": 0,
            "ipv6_addresses": [],
            "key_name": "dummy",
            "launch_template": [],
            "maintenance_options": [
              {
                "auto_recovery": "default"
              }
            ],
            "metadata_options": [
              {
                "http_endpoint": "enabled",
                "http_put_response_hop_limit": 1,
                "http_tokens": "optional",
                "instance_metadata_tags": "disabled"
              }
            ],
            "monitoring": false,
            "network_interface": [],
            "outpost_arn": "",
            "password_data": "",
            "placement_group": "",
            "placement_partition_number": 0,
            "primary_network_interface_id": "eni-07d16293304dfac7d",
            "private_dns": "ip-172-31-47-198.ap-southeast-1.compute.internal",
            "private_dns_name_options": [
              {
                "enable_resource_name_dns_a_record": false,
                "enable_resource_name_dns_aaaa_record": false,
                "hostname_type": "ip-name"
              }
            ],
            "private_ip": "172.31.47.198",
            "public_dns": "ec2-54-169-196-96.ap-southeast-1.compute.amazonaws.com",
            "public_ip": "54.169.196.96",
            "root_block_device": [
              {
                "delete_on_termination": true,
                "device_name": "/dev/sda1",
                "encrypted": false,
                "iops": 100,
                "kms_key_id": "",
                "tags": {},
                "throughput": 0,
                "volume_id": "vol-0e5e9e993b804acd4",
                "volume_size": 8,
                "volume_type": "gp2"
              }
            ],
            "secondary_private_ips": [],
            "security_groups": [
              "default"
            ],
            "source_dest_check": true,
            "subnet_id": "subnet-0a75cee3833c545b4",
            "tags": null,
            "tags_all": {},
            "tenancy": "default",
            "timeouts": null,
            "user_data": null,
            "user_data_base64": null,
            "user_data_replace_on_change": false,
            "volume_tags": null,
            "vpc_security_group_ids": [
              "sg-09a8f1a59948559e8"
            ]
          },
          "sensitive_attributes": [],
          "private": "eyJlMmJmYjczMC1lY2FhLTExZTYtOGY4OC0zNDM2M2JjN2M0YzAiOnsiY3JlYXRlIjo2MDAwMDAwMDAwMDAsImRlbGV0ZSI6MTIwMDAwMDAwMDAwMCwidXBkYXRlIjo2MDAwMDAwMDAwMDB9LCJzY2hlbWFfdmVyc2lvbiI6IjEifQ==",
          "dependencies": [
            "aws_key_pair.mykey"
          ]
        }
      ]
    },
    {
      "mode": "managed",
      "type": "aws_key_pair",
      "name": "mykey",
      "provider": "provider[\"registry.terraform.io/hashicorp/aws\"]",
      "instances": [
        {
          "schema_version": 1,
          "attributes": {
            "arn": "arn:aws:ec2:ap-southeast-1:028668155772:key-pair/dummy",
            "fingerprint": "df:7d:dd:2c:e4:74:2b:95:a7:99:22:92:97:9c:24:a0",
            "id": "dummy",
            "key_name": "dummy",
            "key_name_prefix": "",
            "key_pair_id": "key-0ce1ddc62414713be",
            "key_type": "rsa",
            "public_key": "ssh-rsa AAAAB3NzaC1yc2EAAAADAQABAAABgQCUoI0vbSLbQRANEIRDaShMqU7iQRWDSLvPlt7ixqdOU2kx7lU5Dq3GIOk3k6LOu6urWKeAkL0DCoYCTT6hkXnos+T+eb1jw0M6A6H0g2QlWYJBDePgwFXmcCH91kRgu2I9VpbvcWi9ITF5HXlYoLNpwOHJu/HhAqc5yB1Sjk7cMidqd+Dn1wu+IzO/qGEoz3KdIbkgwnQmXUHRE9pypQdOkSaIMp6Ov60fjswwUc/LFf4C9m7zp3SwZ4AzyLaRlBOUbvBfrx3aukhrEIzPcSrf9JtREEef5f4wWjvV5FWPkccx6U5C6PKYqdDoWf9RnT3FoCx1/BQ5o9TK1IFm6qTPDqclaJLkxM+5lSGAuOA6cfTv53l2E7kSkzWEz5MKkqbEwgLu3oMMn7vPCk1aPwpTXHfz/f6KF/y4As2WG4DF1+o9ODy4FvDaManIuoBjycWJ37kk0bCWmuowMNCN1e7P2lK8k2xNAgh27y6Hi/O8hTyQCcFEg6l4Somn2jIBYOs= ubuntu@dev-ovng-poc2-m2.ovng.dev.myovcloud.com",
            "tags": null,
            "tags_all": {}
          },
          "sensitive_attributes": [],
          "private": "eyJzY2hlbWFfdmVyc2lvbiI6IjEifQ=="
        }
      ]
    }
  ],
  "check_results": null
}
